# This file is generated by running "yarn install" inside your project.
# Manual changes might be lost - proceed with caution!

__metadata:
  version: 8
  cacheKey: 10c0

"@puppeteer/browsers@npm:2.6.1":
  version: 2.6.1
  resolution: "@puppeteer/browsers@npm:2.6.1"
  dependencies:
    debug: "npm:^4.4.0"
    extract-zip: "npm:^2.0.1"
    progress: "npm:^2.0.3"
    proxy-agent: "npm:^6.5.0"
    semver: "npm:^7.6.3"
    tar-fs: "npm:^3.0.6"
    unbzip2-stream: "npm:^1.4.3"
    yargs: "npm:^17.7.2"
  bin:
    browsers: lib/cjs/main-cli.js
  checksum: 10c0/31d4951eec40515769467be3878d3581fe0e50227f2a9fa865e9f872e4a003262996c412a1d48d9c800665b3aa91bb1c2d971eaa314ef10e536d08e63f2f40d3
  languageName: node
  linkType: hard

"@tootallnate/quickjs-emscripten@npm:^0.23.0":
  version: 0.23.0
  resolution: "@tootallnate/quickjs-emscripten@npm:0.23.0"
  checksum: 10c0/2a939b781826fb5fd3edd0f2ec3b321d259d760464cf20611c9877205aaca3ccc0b7304dea68416baa0d568e82cd86b17d29548d1e5139fa3155a4a86a2b4b49
  languageName: node
  linkType: hard

"@types/node@npm:*":
  version: 26.1.2
  resolution: "@types/node@npm:26.1.2"
  dependencies:
    undici-types: "npm:~8.3.0"
  checksum: 10c0/a45503222c7db8f374afd5c9381db63dd95b6b1f703abea0890dd3d4a09eeb41da489e08a1a45baf18fe89fb77fbf310ff2789f680c490b04dafc41a60800a86
  languageName: node
  linkType: hard

"@types/yauzl@npm:^2.9.1":
  version: 2.10.3
  resolution: "@types/yauzl@npm:2.10.3"
  dependencies:
    "@types/node": "npm:*"
  checksum: 10c0/f1b7c1b99fef9f2fe7f1985ef7426d0cebe48cd031f1780fcdc7451eec7e31ac97028f16f50121a59bcf53086a1fc8c856fd5b7d3e00970e43d92ae27d6b43dc
  languageName: node
  linkType: hard

"agent-base@npm:^7.1.0, agent-base@npm:^7.1.2":
  version: 7.1.4
  resolution: "agent-base@npm:7.1.4"
  checksum: 10c0/c2c9ab7599692d594b6a161559ada307b7a624fa4c7b03e3afdb5a5e31cd0e53269115b620fcab024c5ac6a6f37fa5eb2e004f076ad30f5f7e6b8b671f7b35fe
  languageName: node
  linkType: hard

"ansi-regex@npm:^5.0.1":
  version: 5.0.1
  resolution: "ansi-regex@npm:5.0.1"
  checksum: 10c0/9a64bb8627b434ba9327b60c027742e5d17ac69277960d041898596271d992d4d52ba7267a63ca10232e29f6107fc8a835f6ce8d719b88c5f8493f8254813737
  languageName: node
  linkType: hard

"ansi-styles@npm:^4.0.0":
  version: 4.3.0
  resolution: "ansi-styles@npm:4.3.0"
  dependencies:
    color-convert: "npm:^2.0.1"
  checksum: 10c0/895a23929da416f2bd3de7e9cb4eabd340949328ab85ddd6e484a637d8f6820d485f53933446f5291c3b760cbc488beb8e88573dd0f9c7daf83dccc8fe81b041
  languageName: node
  linkType: hard

"ast-types@npm:^0.13.4":
  version: 0.13.4
  resolution: "ast-types@npm:0.13.4"
  dependencies:
    tslib: "npm:^2.0.1"
  checksum: 10c0/3a1a409764faa1471601a0ad01b3aa699292991aa9c8a30c7717002cabdf5d98008e7b53ae61f6e058f757fc6ba965e147967a93c13e62692c907d79cfb245f8
  languageName: node
  linkType: hard

"b4a@npm:^1.6.4, b4a@npm:^1.8.1":
  version: 1.8.1
  resolution: "b4a@npm:1.8.1"
  peerDependencies:
    react-native-b4a: "*"
  peerDependenciesMeta:
    react-native-b4a:
      optional: true
  checksum: 10c0/344d8c94b244ec7a9cb516ea43a98216312454cb72478e4b7628a679ee343be237564c53bbe73995ab10ea9bc923b420236081b180b3cf78fd0c945bfc886798
  languageName: node
  linkType: hard

"bare-events@npm:^2.5.4, bare-events@npm:^2.7.0":
  version: 2.9.1
  resolution: "bare-events@npm:2.9.1"
  peerDependencies:
    bare-abort-controller: "*"
  peerDependenciesMeta:
    bare-abort-controller:
      optional: true
  checksum: 10c0/576fba522bdd2167f35e86791e6c881fdaaf542aa5fca0acfaf8fac7a2c0789340f1cafa0b63e216808efb5cc710887c0cf683f1783293bf98a215d8555ecc36
  languageName: node
  linkType: hard

"bare-fs@npm:^4.0.1, bare-fs@npm:^4.5.5":
  version: 4.7.4
  resolution: "bare-fs@npm:4.7.4"
  dependencies:
    bare-events: "npm:^2.5.4"
    bare-path: "npm:^3.0.0"
    bare-stream: "npm:^2.6.4"
    bare-url: "npm:^2.2.2"
    fast-fifo: "npm:^1.3.2"
  peerDependencies:
    bare-buffer: "*"
  peerDependenciesMeta:
    bare-buffer:
      optional: true
  checksum: 10c0/c189f8075c7f19142383cda7cb95e85c9a057366e6232f00ce8ad901471291bd2c716d5e480c203c38383c757e64c0388fa5184cfa767dc63c4808e566e16d89
  languageName: node
  linkType: hard

"bare-path@npm:^3.0.0":
  version: 3.1.1
  resolution: "bare-path@npm:3.1.1"
  checksum: 10c0/833f0fe2df164e518878b9c71646228d7841c2e35bd3fc428e432b512317ce7fdbd2a127649366f34db3312778d12a83f2fff5485004bbbdcdd15975fce73f4c
  languageName: node
  linkType: hard

"bare-stream@npm:^2.6.4":
  version: 2.13.3
  resolution: "bare-stream@npm:2.13.3"
  dependencies:
    b4a: "npm:^1.8.1"
    streamx: "npm:^2.25.0"
    teex: "npm:^1.0.1"
  peerDependencies:
    bare-abort-controller: "*"
    bare-buffer: "*"
    bare-events: "*"
  peerDependenciesMeta:
    bare-abort-controller:
      optional: true
    bare-buffer:
      optional: true
    bare-events:
      optional: true
  checksum: 10c0/1867ca2e89042a7a9c53e8415a0be6e958bdc7231bc0858a793ec35614419eb6e57ad7a27db2de3dc75a799f7432494e27029b3805eee53693629ff64cae16c9
  languageName: node
  linkType: hard

"bare-url@npm:^2.2.2":
  version: 2.4.6
  resolution: "bare-url@npm:2.4.6"
  dependencies:
    bare-path: "npm:^3.0.0"
  checksum: 10c0/fa93bb9fc643133ca0b38c1431bb2041a7179fd1f5f39d08f303feba018ece752bb823133cfe7849b078c01f907ff31429d915a0ae4c47e03de7d8c42f671354
  languageName: node
  linkType: hard

"base64-js@npm:^1.3.1":
  version: 1.5.1
  resolution: "base64-js@npm:1.5.1"
  checksum: 10c0/f23823513b63173a001030fae4f2dabe283b99a9d324ade3ad3d148e218134676f1ee8568c877cd79ec1c53158dcf2d2ba527a97c606618928ba99dd930102bf
  languageName: node
  linkType: hard

"basic-ftp@npm:^5.0.2":
  version: 5.3.1
  resolution: "basic-ftp@npm:5.3.1"
  checksum: 10c0/03511b488cd292abfa82a8c0ea3b9573b40d12d2f1518d6f41a9461b012b3376d3e6d50679b38d9b2b4f48fd6e8e0418ac196312ee7e2da13cb801169940d1c3
  languageName: node
  linkType: hard

"buffer-crc32@npm:~0.2.3":
  version: 0.2.13
  resolution: "buffer-crc32@npm:0.2.13"
  checksum: 10c0/cb0a8ddf5cf4f766466db63279e47761eb825693eeba6a5a95ee4ec8cb8f81ede70aa7f9d8aeec083e781d47154290eb5d4d26b3f7a465ec57fb9e7d59c47150
  languageName: node
  linkType: hard

"buffer@npm:^5.2.1":
  version: 5.7.1
  resolution: "buffer@npm:5.7.1"
  dependencies:
    base64-js: "npm:^1.3.1"
    ieee754: "npm:^1.1.13"
  checksum: 10c0/27cac81cff434ed2876058d72e7c4789d11ff1120ef32c9de48f59eab58179b66710c488987d295ae89a228f835fc66d088652dffeb8e3ba8659f80eb091d55e
  languageName: node
  linkType: hard

"chromium-bidi@npm:0.11.0":
  version: 0.11.0
  resolution: "chromium-bidi@npm:0.11.0"
  dependencies:
    mitt: "npm:3.0.1"
    zod: "npm:3.23.8"
  peerDependencies:
    devtools-protocol: "*"
  checksum: 10c0/7155b1b78bc07371cc750f5a431fb7120fb96e412d24895e5107efe21056a2406f4d051c26be89d2a7355258d6322d203e6d1c4e82f4b30f9b02923de50ba6c9
  languageName: node
  linkType: hard

"cliui@npm:^8.0.1":
  version: 8.0.1
  resolution: "cliui@npm:8.0.1"
  dependencies:
    string-width: "npm:^4.2.0"
    strip-ansi: "npm:^6.0.1"
    wrap-ansi: "npm:^7.0.0"
  checksum: 10c0/4bda0f09c340cbb6dfdc1ed508b3ca080f12992c18d68c6be4d9cf51756033d5266e61ec57529e610dacbf4da1c634423b0c1b11037709cc6b09045cbd815df5
  languageName: node
  linkType: hard

"color-convert@npm:^2.0.1":
  version: 2.0.1
  resolution: "color-convert@npm:2.0.1"
  dependencies:
    color-name: "npm:~1.1.4"
  checksum: 10c0/37e1150172f2e311fe1b2df62c6293a342ee7380da7b9cfdba67ea539909afbd74da27033208d01d6d5cfc65ee7868a22e18d7e7648e004425441c0f8a15a7d7
  languageName: node
  linkType: hard

"color-name@npm:~1.1.4":
  version: 1.1.4
  resolution: "color-name@npm:1.1.4"
  checksum: 10c0/a1a3f914156960902f46f7f56bc62effc6c94e84b2cae157a526b1c1f74b677a47ec602bf68a61abfa2b42d15b7c5651c6dbe72a43af720bc588dff885b10f95
  languageName: node
  linkType: hard

"data-uri-to-buffer@npm:^6.0.2":
  version: 6.0.2
  resolution: "data-uri-to-buffer@npm:6.0.2"
  checksum: 10c0/f76922bf895b3d7d443059ff278c9cc5efc89d70b8b80cd9de0aa79b3adc6d7a17948eefb8692e30398c43635f70ece1673d6085cc9eba2878dbc6c6da5292ac
  languageName: node
  linkType: hard

"debug@npm:4, debug@npm:^4.1.1, debug@npm:^4.3.4, debug@npm:^4.4.0":
  version: 4.4.3
  resolution: "debug@npm:4.4.3"
  dependencies:
    ms: "npm:^2.1.3"
  peerDependenciesMeta:
    supports-color:
      optional: true
  checksum: 10c0/d79136ec6c83ecbefd0f6a5593da6a9c91ec4d7ddc4b54c883d6e71ec9accb5f67a1a5e96d00a328196b5b5c86d365e98d8a3a70856aaf16b4e7b1985e67f5a6
  languageName: node
  linkType: hard

"degenerator@npm:^5.0.0":
  version: 5.0.1
  resolution: "degenerator@npm:5.0.1"
  dependencies:
    ast-types: "npm:^0.13.4"
    escodegen: "npm:^2.1.0"
    esprima: "npm:^4.0.1"
  checksum: 10c0/e48d8a651edeb512a648711a09afec269aac6de97d442a4bb9cf121a66877e0eec11b9727100a10252335c0666ae1c84a8bc1e3a3f47788742c975064d2c7b1c
  languageName: node
  linkType: hard

"devtools-protocol@npm:0.0.1367902":
  version: 0.0.1367902
  resolution: "devtools-protocol@npm:0.0.1367902"
  checksum: 10c0/be4017f2bfd04474d718daca0e88e062f4afceb2f311662d717f4eae5bda3473da748a68ff1bf2326a67ce35c37af33932190fe8ef1d36c8ef22576befdc57c4
  languageName: node
  linkType: hard

"emoji-regex@npm:^8.0.0":
  version: 8.0.0
  resolution: "emoji-regex@npm:8.0.0"
  checksum: 10c0/b6053ad39951c4cf338f9092d7bfba448cdfd46fe6a2a034700b149ac9ffbc137e361cbd3c442297f86bed2e5f7576c1b54cc0a6bf8ef5106cc62f496af35010
  languageName: node
  linkType: hard

"end-of-stream@npm:^1.1.0":
  version: 1.4.5
  resolution: "end-of-stream@npm:1.4.5"
  dependencies:
    once: "npm:^1.4.0"
  checksum: 10c0/b0701c92a10b89afb1cb45bf54a5292c6f008d744eb4382fa559d54775ff31617d1d7bc3ef617575f552e24fad2c7c1a1835948c66b3f3a4be0a6c1f35c883d8
  languageName: node
  linkType: hard

"escalade@npm:^3.1.1":
  version: 3.2.0
  resolution: "escalade@npm:3.2.0"
  checksum: 10c0/ced4dd3a78e15897ed3be74e635110bbf3b08877b0a41be50dcb325ee0e0b5f65fc2d50e9845194d7c4633f327e2e1c6cce00a71b617c5673df0374201d67f65
  languageName: node
  linkType: hard

"escodegen@npm:^2.1.0":
  version: 2.1.0
  resolution: "escodegen@npm:2.1.0"
  dependencies:
    esprima: "npm:^4.0.1"
    estraverse: "npm:^5.2.0"
    esutils: "npm:^2.0.2"
    source-map: "npm:~0.6.1"
  dependenciesMeta:
    source-map:
      optional: true
  bin:
    escodegen: bin/escodegen.js
    esgenerate: bin/esgenerate.js
  checksum: 10c0/e1450a1f75f67d35c061bf0d60888b15f62ab63aef9df1901cffc81cffbbb9e8b3de237c5502cf8613a017c1df3a3003881307c78835a1ab54d8c8d2206e01d3
  languageName: node
  linkType: hard

"esprima@npm:^4.0.1":
  version: 4.0.1
  resolution: "esprima@npm:4.0.1"
  bin:
    esparse: ./bin/esparse.js
    esvalidate: ./bin/esvalidate.js
  checksum: 10c0/ad4bab9ead0808cf56501750fd9d3fb276f6b105f987707d059005d57e182d18a7c9ec7f3a01794ebddcca676773e42ca48a32d67a250c9d35e009ca613caba3
  languageName: node
  linkType: hard

"estraverse@npm:^5.2.0":
  version: 5.3.0
  resolution: "estraverse@npm:5.3.0"
  checksum: 10c0/1ff9447b96263dec95d6d67431c5e0771eb9776427421260a3e2f0fdd5d6bd4f8e37a7338f5ad2880c9f143450c9b1e4fc2069060724570a49cf9cf0312bd107
  languageName: node
  linkType: hard

"esutils@npm:^2.0.2":
  version: 2.0.3
  resolution: "esutils@npm:2.0.3"
  checksum: 10c0/9a2fe69a41bfdade834ba7c42de4723c97ec776e40656919c62cbd13607c45e127a003f05f724a1ea55e5029a4cf2de444b13009f2af71271e42d93a637137c7
  languageName: node
  linkType: hard

"events-universal@npm:^1.0.0":
  version: 1.0.1
  resolution: "events-universal@npm:1.0.1"
  dependencies:
    bare-events: "npm:^2.7.0"
  checksum: 10c0/a1d9a5e9f95843650f8ec240dd1221454c110189a9813f32cdf7185759b43f1f964367ac7dca4ebc69150b59043f2d77c7e122b0d03abf7c25477ea5494785a5
  languageName: node
  linkType: hard

"extract-zip@npm:^2.0.1":
  version: 2.0.1
  resolution: "extract-zip@npm:2.0.1"
  dependencies:
    "@types/yauzl": "npm:^2.9.1"
    debug: "npm:^4.1.1"
    get-stream: "npm:^5.1.0"
    yauzl: "npm:^2.10.0"
  dependenciesMeta:
    "@types/yauzl":
      optional: true
  bin:
    extract-zip: cli.js
  checksum: 10c0/9afbd46854aa15a857ae0341a63a92743a7b89c8779102c3b4ffc207516b2019337353962309f85c66ee3d9092202a83cdc26dbf449a11981272038443974aee
  languageName: node
  linkType: hard

"fast-fifo@npm:^1.2.0, fast-fifo@npm:^1.3.2":
  version: 1.3.2
  resolution: "fast-fifo@npm:1.3.2"
  checksum: 10c0/d53f6f786875e8b0529f784b59b4b05d4b5c31c651710496440006a398389a579c8dbcd2081311478b5bf77f4b0b21de69109c5a4eabea9d8e8783d1eb864e4c
  languageName: node
  linkType: hard

"fd-slicer@npm:~1.1.0":
  version: 1.1.0
  resolution: "fd-slicer@npm:1.1.0"
  dependencies:
    pend: "npm:~1.2.0"
  checksum: 10c0/304dd70270298e3ffe3bcc05e6f7ade2511acc278bc52d025f8918b48b6aa3b77f10361bddfadfe2a28163f7af7adbdce96f4d22c31b2f648ba2901f0c5fc20e
  languageName: node
  linkType: hard

"get-caller-file@npm:^2.0.5":
  version: 2.0.5
  resolution: "get-caller-file@npm:2.0.5"
  checksum: 10c0/c6c7b60271931fa752aeb92f2b47e355eac1af3a2673f47c9589e8f8a41adc74d45551c1bc57b5e66a80609f10ffb72b6f575e4370d61cc3f7f3aaff01757cde
  languageName: node
  linkType: hard

"get-stream@npm:^5.1.0":
  version: 5.2.0
  resolution: "get-stream@npm:5.2.0"
  dependencies:
    pump: "npm:^3.0.0"
  checksum: 10c0/43797ffd815fbb26685bf188c8cfebecb8af87b3925091dd7b9a9c915993293d78e3c9e1bce125928ff92f2d0796f3889b92b5ec6d58d1041b574682132e0a80
  languageName: node
  linkType: hard

"get-uri@npm:^6.0.1":
  version: 6.0.5
  resolution: "get-uri@npm:6.0.5"
  dependencies:
    basic-ftp: "npm:^5.0.2"
    data-uri-to-buffer: "npm:^6.0.2"
    debug: "npm:^4.3.4"
  checksum: 10c0/c7ff5d5d55de53d23ecce7c5108cc3ed0db1174db43c9aa15506d640283d36ee0956fd8ba1fc50b06a718466cc85794ae9d8860193f91318afe846e3e7010f3a
  languageName: node
  linkType: hard

"http-proxy-agent@npm:^7.0.0, http-proxy-agent@npm:^7.0.1":
  version: 7.0.2
  resolution: "http-proxy-agent@npm:7.0.2"
  dependencies:
    agent-base: "npm:^7.1.0"
    debug: "npm:^4.3.4"
  checksum: 10c0/4207b06a4580fb85dd6dff521f0abf6db517489e70863dca1a0291daa7f2d3d2d6015a57bd702af068ea5cf9f1f6ff72314f5f5b4228d299c0904135d2aef921
  languageName: node
  linkType: hard

"https-proxy-agent@npm:^7.0.6":
  version: 7.0.6
  resolution: "https-proxy-agent@npm:7.0.6"
  dependencies:
    agent-base: "npm:^7.1.2"
    debug: "npm:4"
  checksum: 10c0/f729219bc735edb621fa30e6e84e60ee5d00802b8247aac0d7b79b0bd6d4b3294737a337b93b86a0bd9e68099d031858a39260c976dc14cdbba238ba1f8779ac
  languageName: node
  linkType: hard

"ieee754@npm:^1.1.13":
  version: 1.2.1
  resolution: "ieee754@npm:1.2.1"
  checksum: 10c0/b0782ef5e0935b9f12883a2e2aa37baa75da6e66ce6515c168697b42160807d9330de9a32ec1ed73149aea02e0d822e572bca6f1e22bdcbd2149e13b050b17bb
  languageName: node
  linkType: hard

"ip-address@npm:^10.1.1":
  version: 10.4.0
  resolution: "ip-address@npm:10.4.0"
  checksum: 10c0/d7b0bd2624fd861afbae6e49036a9b56f9506eaff7ff38592b7b4492dd5c272b53f5356dc8cc019e318acf29a96c90a3d1af1df761960267d23efa96858270fa
  languageName: node
  linkType: hard

"is-fullwidth-code-point@npm:^3.0.0":
  version: 3.0.0
  resolution: "is-fullwidth-code-point@npm:3.0.0"
  checksum: 10c0/bb11d825e049f38e04c06373a8d72782eee0205bda9d908cc550ccb3c59b99d750ff9537982e01733c1c94a58e35400661f57042158ff5e8f3e90cf936daf0fc
  languageName: node
  linkType: hard

"lru-cache@npm:^7.14.1":
  version: 7.18.3
  resolution: "lru-cache@npm:7.18.3"
  checksum: 10c0/b3a452b491433db885beed95041eb104c157ef7794b9c9b4d647be503be91769d11206bb573849a16b4cc0d03cbd15ffd22df7960997788b74c1d399ac7a4fed
  languageName: node
  linkType: hard

"mitt@npm:3.0.1":
  version: 3.0.1
  resolution: "mitt@npm:3.0.1"
  checksum: 10c0/3ab4fdecf3be8c5255536faa07064d05caa3dd332bd318ff02e04621f7b3069ca1de9106cfe8e7ced675abfc2bec2ce4c4ef321c4a1bb1fb29df8ae090741913
  languageName: node
  linkType: hard

"ml-math-tutor@workspace:.":
  version: 0.0.0-use.local
  resolution: "ml-math-tutor@workspace:."
  dependencies:
    puppeteer-core: "npm:^23.11.1"
  languageName: unknown
  linkType: soft

"ms@npm:^2.1.3":
  version: 2.1.3
  resolution: "ms@npm:2.1.3"
  checksum: 10c0/d924b57e7312b3b63ad21fc5b3dc0af5e78d61a1fc7cfb5457edaf26326bf62be5307cc87ffb6862ef1c2b33b0233cdb5d4f01c4c958cc0d660948b65a287a48
  languageName: node
  linkType: hard

"netmask@npm:^2.0.2":
  version: 2.1.1
  resolution: "netmask@npm:2.1.1"
  checksum: 10c0/c78e31869b0578fb0a9874a0c0fdf0e1f8b3492392d1043355fb11d9ea42ef94e0216c6aee7d8e15db39d1a8caf331f9b144ae3ee43fd951b73a66837711fb09
  languageName: node
  linkType: hard

"once@npm:^1.3.1, once@npm:^1.4.0":
  version: 1.4.0
  resolution: "once@npm:1.4.0"
  dependencies:
    wrappy: "npm:1"
  checksum: 10c0/5d48aca287dfefabd756621c5dfce5c91a549a93e9fdb7b8246bc4c4790aa2ec17b34a260530474635147aeb631a2dcc8b32c613df0675f96041cbb8244517d0
  languageName: node
  linkType: hard

"pac-proxy-agent@npm:^7.1.0":
  version: 7.2.0
  resolution: "pac-proxy-agent@npm:7.2.0"
  dependencies:
    "@tootallnate/quickjs-emscripten": "npm:^0.23.0"
    agent-base: "npm:^7.1.2"
    debug: "npm:^4.3.4"
    get-uri: "npm:^6.0.1"
    http-proxy-agent: "npm:^7.0.0"
    https-proxy-agent: "npm:^7.0.6"
    pac-resolver: "npm:^7.0.1"
    socks-proxy-agent: "npm:^8.0.5"
  checksum: 10c0/0265c17c9401c2ea735697931a6553a0c6d8b20c4d7d4e3b3a0506080ba69a8d5ad656e2a6be875411212e2b6ed7a4d9526dd3997e08581fdfb1cbcad454c296
  languageName: node
  linkType: hard

"pac-resolver@npm:^7.0.1":
  version: 7.0.1
  resolution: "pac-resolver@npm:7.0.1"
  dependencies:
    degenerator: "npm:^5.0.0"
    netmask: "npm:^2.0.2"
  checksum: 10c0/5f3edd1dd10fded31e7d1f95776442c3ee51aa098c28b74ede4927d9677ebe7cebb2636750c24e945f5b84445e41ae39093d3a1014a994e5ceb9f0b1b88ebff5
  languageName: node
  linkType: hard

"pend@npm:~1.2.0":
  version: 1.2.0
  resolution: "pend@npm:1.2.0"
  checksum: 10c0/8a87e63f7a4afcfb0f9f77b39bb92374afc723418b9cb716ee4257689224171002e07768eeade4ecd0e86f1fa3d8f022994219fb45634f2dbd78c6803e452458
  languageName: node
  linkType: hard

"progress@npm:^2.0.3":
  version: 2.0.3
  resolution: "progress@npm:2.0.3"
  checksum: 10c0/1697e07cb1068055dbe9fe858d242368ff5d2073639e652b75a7eb1f2a1a8d4afd404d719de23c7b48481a6aa0040686310e2dac2f53d776daa2176d3f96369c
  languageName: node
  linkType: hard

"proxy-agent@npm:^6.5.0":
  version: 6.5.0
  resolution: "proxy-agent@npm:6.5.0"
  dependencies:
    agent-base: "npm:^7.1.2"
    debug: "npm:^4.3.4"
    http-proxy-agent: "npm:^7.0.1"
    https-proxy-agent: "npm:^7.0.6"
    lru-cache: "npm:^7.14.1"
    pac-proxy-agent: "npm:^7.1.0"
    proxy-from-env: "npm:^1.1.0"
    socks-proxy-agent: "npm:^8.0.5"
  checksum: 10c0/7fd4e6f36bf17098a686d4aee3b8394abfc0b0537c2174ce96b0a4223198b9fafb16576c90108a3fcfc2af0168bd7747152bfa1f58e8fee91d3780e79aab7fd8
  languageName: node
  linkType: hard

"proxy-from-env@npm:^1.1.0":
  version: 1.1.0
  resolution: "proxy-from-env@npm:1.1.0"
  checksum: 10c0/fe7dd8b1bdbbbea18d1459107729c3e4a2243ca870d26d34c2c1bcd3e4425b7bcc5112362df2d93cc7fb9746f6142b5e272fd1cc5c86ddf8580175186f6ad42b
  languageName: node
  linkType: hard

"pump@npm:^3.0.0":
  version: 3.0.4
  resolution: "pump@npm:3.0.4"
  dependencies:
    end-of-stream: "npm:^1.1.0"
    once: "npm:^1.3.1"
  checksum: 10c0/2780e66b5471c19e3e3e1063b84f3f6a3a08367f24c5ed552f98cd5901e6ada27c7ad6495d4244f553fd03b01884a4561933064f053f47c8994d84fd352768ea
  languageName: node
  linkType: hard

"puppeteer-core@npm:^23.11.1":
  version: 23.11.1
  resolution: "puppeteer-core@npm:23.11.1"
  dependencies:
    "@puppeteer/browsers": "npm:2.6.1"
    chromium-bidi: "npm:0.11.0"
    debug: "npm:^4.4.0"
    devtools-protocol: "npm:0.0.1367902"
    typed-query-selector: "npm:^2.12.0"
    ws: "npm:^8.18.0"
  checksum: 10c0/6512a3dca8c7bea620219332b84c4442754fead6c5021c26ea395ddc2f84610a54accf185ba1450e02885cb063c2d12f96eb5f18e7e1b6795f3e32a4b8a2102e
  languageName: node
  linkType: hard

"require-directory@npm:^2.1.1":
  version: 2.1.1
  resolution: "require-directory@npm:2.1.1"
  checksum: 10c0/83aa76a7bc1531f68d92c75a2ca2f54f1b01463cb566cf3fbc787d0de8be30c9dbc211d1d46be3497dac5785fe296f2dd11d531945ac29730643357978966e99
  languageName: node
  linkType: hard

"semver@npm:^7.6.3":
  version: 7.8.5
  resolution: "semver@npm:7.8.5"
  bin:
    semver: bin/semver.js
  checksum: 10c0/b1f3127a5be8125a94f37188b361c212466c292c6910adce3ec106cff5dc211ccaedc4739c11bb70fda59d6fc1f040a9bca289f4e093451521a2372e5231fe0c
  languageName: node
  linkType: hard

"smart-buffer@npm:^4.2.0":
  version: 4.2.0
  resolution: "smart-buffer@npm:4.2.0"
  checksum: 10c0/a16775323e1404dd43fabafe7460be13a471e021637bc7889468eb45ce6a6b207261f454e4e530a19500cc962c4cc5348583520843b363f4193cee5c00e1e539
  languageName: node
  linkType: hard

"socks-proxy-agent@npm:^8.0.5":
  version: 8.0.5
  resolution: "socks-proxy-agent@npm:8.0.5"
  dependencies:
    agent-base: "npm:^7.1.2"
    debug: "npm:^4.3.4"
    socks: "npm:^2.8.3"
  checksum: 10c0/5d2c6cecba6821389aabf18728325730504bf9bb1d9e342e7987a5d13badd7a98838cc9a55b8ed3cb866ad37cc23e1086f09c4d72d93105ce9dfe76330e9d2a6
  languageName: node
  linkType: hard

"socks@npm:^2.8.3":
  version: 2.8.9
  resolution: "socks@npm:2.8.9"
  dependencies:
    ip-address: "npm:^10.1.1"
    smart-buffer: "npm:^4.2.0"
  checksum: 10c0/2d4350c31142b0931eb1758825b426bcbf4bfb5eed682ca48bc46dc9e7d1930ec366ea574ad49fc6c1fd9e9e17ce243be0ef13e31fc4b0319d9093f1fb19743c
  languageName: node
  linkType: hard

"source-map@npm:~0.6.1":
  version: 0.6.1
  resolution: "source-map@npm:0.6.1"
  checksum: 10c0/ab55398007c5e5532957cb0beee2368529618ac0ab372d789806f5718123cc4367d57de3904b4e6a4170eb5a0b0f41373066d02ca0735a0c4d75c7d328d3e011
  languageName: node
  linkType: hard

"streamx@npm:^2.12.5, streamx@npm:^2.15.0, streamx@npm:^2.25.0":
  version: 2.28.0
  resolution: "streamx@npm:2.28.0"
  dependencies:
    events-universal: "npm:^1.0.0"
    fast-fifo: "npm:^1.3.2"
    text-decoder: "npm:^1.1.0"
  checksum: 10c0/1cd5647c4dbdaadf4623b48183bab1d71bdc251e24c8f3baddf9fb9fa75096a7d446aba2c58a4f71964eeb5753f514b59e97bfdf94a60ce2c1b33594410b0342
  languageName: node
  linkType: hard

"string-width@npm:^4.1.0, string-width@npm:^4.2.0, string-width@npm:^4.2.3":
  version: 4.2.3
  resolution: "string-width@npm:4.2.3"
  dependencies:
    emoji-regex: "npm:^8.0.0"
    is-fullwidth-code-point: "npm:^3.0.0"
    strip-ansi: "npm:^6.0.1"
  checksum: 10c0/1e525e92e5eae0afd7454086eed9c818ee84374bb80328fc41217ae72ff5f065ef1c9d7f72da41de40c75fa8bb3dee63d92373fd492c84260a552c636392a47b
  languageName: node
  linkType: hard

"strip-ansi@npm:^6.0.0, strip-ansi@npm:^6.0.1":
  version: 6.0.1
  resolution: "strip-ansi@npm:6.0.1"
  dependencies:
    ansi-regex: "npm:^5.0.1"
  checksum: 10c0/1ae5f212a126fe5b167707f716942490e3933085a5ff6c008ab97ab2f272c8025d3aa218b7bd6ab25729ca20cc81cddb252102f8751e13482a5199e873680952
  languageName: node
  linkType: hard

"tar-fs@npm:^3.0.6":
  version: 3.1.3
  resolution: "tar-fs@npm:3.1.3"
  dependencies:
    bare-fs: "npm:^4.0.1"
    bare-path: "npm:^3.0.0"
    pump: "npm:^3.0.0"
    tar-stream: "npm:^3.1.5"
  dependenciesMeta:
    bare-fs:
      optional: true
    bare-path:
      optional: true
  checksum: 10c0/f3bccfb0ec332411d68a26fdd93fcdc8ed82437a3d5e1aef5bfbf5013193238eff0228d1e2ee5dedbed3ab60c084f41f1e558c786d91d6ff05620a4afdd2e32c
  languageName: node
  linkType: hard

"tar-stream@npm:^3.1.5":
  version: 3.2.0
  resolution: "tar-stream@npm:3.2.0"
  dependencies:
    b4a: "npm:^1.6.4"
    bare-fs: "npm:^4.5.5"
    fast-fifo: "npm:^1.2.0"
    streamx: "npm:^2.15.0"
  checksum: 10c0/8a06c915f93c9b0906e79867e36a9cfe197da4d41b72e89ec0de99577ae755505d14815c1346b70c2410aa09d3145c3e3af2ff5802b6af84990cdd6c60dbb997
  languageName: node
  linkType: hard

"teex@npm:^1.0.1":
  version: 1.0.1
  resolution: "teex@npm:1.0.1"
  dependencies:
    streamx: "npm:^2.12.5"
  checksum: 10c0/8df9166c037ba694b49d32a49858e314c60e513d55ac5e084dbf1ddbb827c5fa43cc389a81e87684419c21283308e9d68bb068798189c767ec4c252f890b8a77
  languageName: node
  linkType: hard

"text-decoder@npm:^1.1.0":
  version: 1.2.7
  resolution: "text-decoder@npm:1.2.7"
  dependencies:
    b4a: "npm:^1.6.4"
  checksum: 10c0/929938ed154fbadb660a7f3d1aca30b7e53649a731af7583168fcfba0c158046325d35d945926e2a512bb62d1a49a7818151c987ea38b48853f01e1615722fc5
  languageName: node
  linkType: hard

"through@npm:^2.3.8":
  version: 2.3.8
  resolution: "through@npm:2.3.8"
  checksum: 10c0/4b09f3774099de0d4df26d95c5821a62faee32c7e96fb1f4ebd54a2d7c11c57fe88b0a0d49cf375de5fee5ae6bf4eb56dbbf29d07366864e2ee805349970d3cc
  languageName: node
  linkType: hard

"tslib@npm:^2.0.1":
  version: 2.8.1
  resolution: "tslib@npm:2.8.1"
  checksum: 10c0/9c4759110a19c53f992d9aae23aac5ced636e99887b51b9e61def52611732872ff7668757d4e4c61f19691e36f4da981cd9485e869b4a7408d689f6bf1f14e62
  languageName: node
  linkType: hard

"typed-query-selector@npm:^2.12.0":
  version: 2.12.2
  resolution: "typed-query-selector@npm:2.12.2"
  checksum: 10c0/2710369ada5bde578606b043eefb8a6d7f9178630ae4950a4dfd4f70cceb8196d5bbc735a905cd3e06953127e4dd1825c3e0be06d64e5a6e5609965cffee701d
  languageName: node
  linkType: hard

"unbzip2-stream@npm:^1.4.3":
  version: 1.4.3
  resolution: "unbzip2-stream@npm:1.4.3"
  dependencies:
    buffer: "npm:^5.2.1"
    through: "npm:^2.3.8"
  checksum: 10c0/2ea2048f3c9db3499316ccc1d95ff757017ccb6f46c812d7c42466247e3b863fb178864267482f7f178254214247779daf68e85f50bd7736c3c97ba2d58b910a
  languageName: node
  linkType: hard

"undici-types@npm:~8.3.0":
  version: 8.3.0
  resolution: "undici-types@npm:8.3.0"
  checksum: 10c0/c8aa7e2fbebfce519654dafadc0ece59be888d2ccaf180fb4495da875e7b536d2456345c384069c7e6f3e9c9ab7435f074957da306f142343eee86ff8048855a
  languageName: node
  linkType: hard

"wrap-ansi@npm:^7.0.0":
  version: 7.0.0
  resolution: "wrap-ansi@npm:7.0.0"
  dependencies:
    ansi-styles: "npm:^4.0.0"
    string-width: "npm:^4.1.0"
    strip-ansi: "npm:^6.0.0"
  checksum: 10c0/d15fc12c11e4cbc4044a552129ebc75ee3f57aa9c1958373a4db0292d72282f54373b536103987a4a7594db1ef6a4f10acf92978f79b98c49306a4b58c77d4da
  languageName: node
  linkType: hard

"wrappy@npm:1":
  version: 1.0.2
  resolution: "wrappy@npm:1.0.2"
  checksum: 10c0/56fece1a4018c6a6c8e28fbc88c87e0fbf4ea8fd64fc6c63b18f4acc4bd13e0ad2515189786dd2c30d3eec9663d70f4ecf699330002f8ccb547e4a18231fc9f0
  languageName: node
  linkType: hard

"ws@npm:^8.18.0":
  version: 8.21.1
  resolution: "ws@npm:8.21.1"
  peerDependencies:
    bufferutil: ^4.0.1
    utf-8-validate: ">=5.0.2"
  peerDependenciesMeta:
    bufferutil:
      optional: true
    utf-8-validate:
      optional: true
  checksum: 10c0/c4c6f1d95f6d465262de2037c57c715725d67e078dd49420ede4e19115668aba159cb64d85c5e89c06eb2826be599e62e5095860ad6cc54ff42e8bd7684e1db8
  languageName: node
  linkType: hard

"y18n@npm:^5.0.5":
  version: 5.0.8
  resolution: "y18n@npm:5.0.8"
  checksum: 10c0/4df2842c36e468590c3691c894bc9cdbac41f520566e76e24f59401ba7d8b4811eb1e34524d57e54bc6d864bcb66baab7ffd9ca42bf1eda596618f9162b91249
  languageName: node
  linkType: hard

"yargs-parser@npm:^21.1.1":
  version: 21.1.1
  resolution: "yargs-parser@npm:21.1.1"
  checksum: 10c0/f84b5e48169479d2f402239c59f084cfd1c3acc197a05c59b98bab067452e6b3ea46d4dd8ba2985ba7b3d32a343d77df0debd6b343e5dae3da2aab2cdf5886b2
  languageName: node
  linkType: hard

"yargs@npm:^17.7.2":
  version: 17.7.3
  resolution: "yargs@npm:17.7.3"
  dependencies:
    cliui: "npm:^8.0.1"
    escalade: "npm:^3.1.1"
    get-caller-file: "npm:^2.0.5"
    require-directory: "npm:^2.1.1"
    string-width: "npm:^4.2.3"
    y18n: "npm:^5.0.5"
    yargs-parser: "npm:^21.1.1"
  checksum: 10c0/7a28572f7e785a57886e34fdbddb9b28756dec552e1453d5f6e7cdd00ad8721a4e8c4321d33683f5e61cacb36ad43258adbb48396b71ec4ed14abee0fc0d0c1f
  languageName: node
  linkType: hard

"yauzl@npm:^2.10.0":
  version: 2.10.0
  resolution: "yauzl@npm:2.10.0"
  dependencies:
    buffer-crc32: "npm:~0.2.3"
    fd-slicer: "npm:~1.1.0"
  checksum: 10c0/f265002af7541b9ec3589a27f5fb8f11cf348b53cc15e2751272e3c062cd73f3e715bc72d43257de71bbaecae446c3f1b14af7559e8ab0261625375541816422
  languageName: node
  linkType: hard

"zod@npm:3.23.8":
  version: 3.23.8
  resolution: "zod@npm:3.23.8"
  checksum: 10c0/8f14c87d6b1b53c944c25ce7a28616896319d95bc46a9660fe441adc0ed0a81253b02b5abdaeffedbeb23bdd25a0bf1c29d2c12dd919aef6447652dd295e3e69
  languageName: node
  linkType: hard
